Microsoft Visual Studio Solution File, Format Version 12.00
# Visual Studio 2012
Project("{FAE04EC0-301F-11D3-BF4B-00C04F79EFBC}") = "Decaying Descent", "Decaying Descent.csproj", "{ABE594F4-8B0A-4216-AC70-B7E22615E23C}"
EndProject
Global
	GlobalSection(SolutionConfigurationPlatforms) = preSolution
	Debug|Any CPU = Debug|Any CPU
	ExportDebug|Any CPU = ExportDebug|Any CPU
	ExportRelease|Any CPU = ExportRelease|Any CPU
	EndGlobalSection
	GlobalSection(ProjectConfigurationPlatforms) = postSolution
		{ABE594F4-8B0A-4216-AC70-B7E22615E23C}.Debug|Any CPU.ActiveCfg = Debug|Any CPU
		{ABE594F4-8B0A-4216-AC70-B7E22615E23C}.Debug|Any CPU.Build.0 = Debug|Any CPU
		{ABE594F4-8B0A-4216-AC70-B7E22615E23C}.ExportDebug|Any CPU.ActiveCfg = ExportDebug|Any CPU
		{ABE594F4-8B0A-4216-AC70-B7E22615E23C}.ExportDebug|Any CPU.Build.0 = ExportDebug|Any CPU
		{ABE594F4-8B0A-4216-AC70-B7E22615E23C}.ExportRelease|Any CPU.ActiveCfg = ExportRelease|Any CPU
		{ABE594F4-8B0A-4216-AC70-B7E22615E23C}.ExportRelease|Any CPU.Build.0 = ExportRelease|Any CPU
	EndGlobalSection
EndGlobal
